
Microsoft Visual Studio Solution File, Format Version 12.00
# Visual Studio Version 17
VisualStudioVersion = 17.13.35913.81 d17.13
MinimumVisualStudioVersion = 10.0.40219.1
Project("{FAE04EC0-301F-11D3-BF4B-00C04F79EFBC}") = "HotelBooking.Domain", "HotelBooking.Domain\HotelBooking.Domain.csproj", "{7846AD0E-EF71-4EDC-88B8-1A5B5181C0A5}"
EndProject
Project("{FAE04EC0-301F-11D3-BF4B-00C04F79EFBC}") = "HotelBooking.Application", "HotelBooking.Application\HotelBooking.Application.csproj", "{9A510F02-F0E1-4215-A08C-A64685471BF5}"
EndProject
Project("{FAE04EC0-301F-11D3-BF4B-00C04F79EFBC}") = "HotelBooking.Infrastructure", "HotelBooking.Infrastructure\HotelBooking.Infrastructure.csproj", "{43221C7F-0468-4DC1-BC10-51601FF39D1E}"
EndProject
Project("{FAE04EC0-301F-11D3-BF4B-00C04F79EFBC}") = "HotelBooking.API", "HotelBooking.API\HotelBooking.API.csproj", "{4B345BA3-C90E-4F30-97C1-BEAE696831B7}"
EndProject
Global
	GlobalSection(SolutionConfigurationPlatforms) = preSolution
		Debug|Any CPU = Debug|Any CPU
		Release|Any CPU = Release|Any CPU
	EndGlobalSection
	GlobalSection(ProjectConfigurationPlatforms) = postSolution
		{7846AD0E-EF71-4EDC-88B8-1A5B5181C0A5}.Debug|Any CPU.ActiveCfg = Debug|Any CPU
		{7846AD0E-EF71-4EDC-88B8-1A5B5181C0A5}.Debug|Any CPU.Build.0 = Debug|Any CPU
		{7846AD0E-EF71-4EDC-88B8-1A5B5181C0A5}.Release|Any CPU.ActiveCfg = Release|Any CPU
		{7846AD0E-EF71-4EDC-88B8-1A5B5181C0A5}.Release|Any CPU.Build.0 = Release|Any CPU
		{9A510F02-F0E1-4215-A08C-A64685471BF5}.Debug|Any CPU.ActiveCfg = Debug|Any CPU
		{9A510F02-F0E1-4215-A08C-A64685471BF5}.Debug|Any CPU.Build.0 = Debug|Any CPU
		{9A510F02-F0E1-4215-A08C-A64685471BF5}.Release|Any CPU.ActiveCfg = Release|Any CPU
		{9A510F02-F0E1-4215-A08C-A64685471BF5}.Release|Any CPU.Build.0 = Release|Any CPU
		{43221C7F-0468-4DC1-BC10-51601FF39D1E}.Debug|Any CPU.ActiveCfg = Debug|Any CPU
		{43221C7F-0468-4DC1-BC10-51601FF39D1E}.Debug|Any CPU.Build.0 = Debug|Any CPU
		{43221C7F-0468-4DC1-BC10-51601FF39D1E}.Release|Any CPU.ActiveCfg = Release|Any CPU
		{43221C7F-0468-4DC1-BC10-51601FF39D1E}.Release|Any CPU.Build.0 = Release|Any CPU
		{4B345BA3-C90E-4F30-97C1-BEAE696831B7}.Debug|Any CPU.ActiveCfg = Debug|Any CPU
		{4B345BA3-C90E-4F30-97C1-BEAE696831B7}.Debug|Any CPU.Build.0 = Debug|Any CPU
		{4B345BA3-C90E-4F30-97C1-BEAE696831B7}.Release|Any CPU.ActiveCfg = Release|Any CPU
		{4B345BA3-C90E-4F30-97C1-BEAE696831B7}.Release|Any CPU.Build.0 = Release|Any CPU
	EndGlobalSection
	GlobalSection(SolutionProperties) = preSolution
		HideSolutionNode = FALSE
	EndGlobalSection
	GlobalSection(ExtensibilityGlobals) = postSolution
		SolutionGuid = {541293FB-8688-4FB0-9671-338557845D96}
	EndGlobalSection
EndGlobal
